
Microsoft Visual Studio Solution File, Format Version 12.00
# Visual Studio Version 16
VisualStudioVersion = 16.0.30309.148
MinimumVisualStudioVersion = 10.0.40219.1
Project("{FAE04EC0-301F-11D3-BF4B-00C04F79EFBC}") = "LookDraws", "LookDraws\LookDraws.csproj", "{FE6E047B-32AF-4FC0-84A8-140E0A5A332E}"
EndProject
Global
	GlobalSection(SolutionConfigurationPlatforms) = preSolution
		Debug|Any CPU = Debug|Any CPU
		Release|Any CPU = Release|Any CPU
	EndGlobalSection
	GlobalSection(ProjectConfigurationPlatforms) = postSolution
		{FE6E047B-32AF-4FC0-84A8-140E0A5A332E}.Debug|Any CPU.ActiveCfg = Debug|Any CPU
		{FE6E047B-32AF-4FC0-84A8-140E0A5A332E}.Debug|Any CPU.Build.0 = Debug|Any CPU
		{FE6E047B-32AF-4FC0-84A8-140E0A5A332E}.Release|Any CPU.ActiveCfg = Release|Any CPU
		{FE6E047B-32AF-4FC0-84A8-140E0A5A332E}.Release|Any CPU.Build.0 = Release|Any CPU
	EndGlobalSection
	GlobalSection(SolutionProperties) = preSolution
		HideSolutionNode = FALSE
	EndGlobalSection
	GlobalSection(ExtensibilityGlobals) = postSolution
		SolutionGuid = {BEAC8B0B-9C98-4840-B16D-7B713CB32041}
	EndGlobalSection
EndGlobal
